# rurix.lock — generated by `rx vendor`; do not edit by hand.
lock_version = 1
root = "repro_app"

[[package]]
name = "archdep"
version = "0.1.0"
source = "archive:https://example.invalid/rurix/archdep.tar.gz#aaaaaaaaaaaaaaaaaaaaaaaaaaaaaaaaaaaaaaaaaaaaaaaaaaaaaaaaaaaaaaaa"
content_sha256 = "1b4f75df1e63794bc3d6c5dd37316796b201bc6f732dd2b3b0814f5c931a5a6e"
features = []
deps = []

[[package]]
name = "gitdep"
version = "0.1.0"
source = "git:https://example.invalid/rurix/gitdep.git#0123456789abcdef0123456789abcdef01234567"
content_sha256 = "89e4125639f587ff374d60026e98f9752691165cde670622ed849add414e907a"
features = []
deps = []

[[package]]
name = "pathdep"
version = "0.1.0"
source = "path:pathdep"
content_sha256 = "d1e24ad8d5b2edca5433e67dab3fc1d3c24fac69d7cfbcdc826e32fdbb795e52"
features = []
deps = []

[[package]]
name = "repro_app"
version = "0.1.0"
source = "path:."
content_sha256 = "d3211868e1878058cc0102e91956b5ecd33fa7b19e5a3bb9f7d7402eede73acd"
features = []
deps = ["archdep", "gitdep", "pathdep"]
